<?xml version="1.0" encoding="UTF-8" standalone="yes" ?>
<CodeBlocks_project_file>
   <FileVersion major="1" minor="6" />
   <Project>
      <Option title="accer" />
      <Option makefile_is_custom="1" />
      <Option compiler="gcc" />
      <Option virtualFolders="CMake Files\;CMake Files\..\;CMake Files\..\..\;CMake Files\..\..\..\;CMake Files\..\..\..\..\;CMake Files\..\..\..\..\..\;CMake Files\..\..\..\..\..\usr\;CMake Files\..\..\..\..\..\usr\local\;CMake Files\..\..\..\..\..\usr\local\lib\;CMake Files\..\..\..\..\..\usr\local\lib\cmake\;CMake Files\..\..\..\..\..\usr\local\lib\cmake\Ceres\;" />
      <Build>
      <Target title="all">
         <Option working_dir="/home/hao/Desktop/accer/build-accer-Desktop_Qt_5_7_0_GCC_64bit-Debug" />
         <Option type="4" />
         <MakeCommands>
            <Build command="/usr/bin/make -f &quot;/home/hao/Desktop/accer/build-accer-Desktop_Qt_5_7_0_GCC_64bit-Debug/Makefile&quot;  VERBOSE=1 all" />
            <CompileFile command="/usr/bin/make -f &quot;/home/hao/Desktop/accer/build-accer-Desktop_Qt_5_7_0_GCC_64bit-Debug/Makefile&quot;  VERBOSE=1 &quot;$file&quot;" />
            <Clean command="/usr/bin/make -f &quot;/home/hao/Desktop/accer/build-accer-Desktop_Qt_5_7_0_GCC_64bit-Debug/Makefile&quot;  VERBOSE=1 clean" />
            <DistClean command="/usr/bin/make -f &quot;/home/hao/Desktop/accer/build-accer-Desktop_Qt_5_7_0_GCC_64bit-Debug/Makefile&quot;  VERBOSE=1 clean" />
         </MakeCommands>
      </Target>
      <Target title="edit_cache">
         <Option working_dir="/home/hao/Desktop/accer/build-accer-Desktop_Qt_5_7_0_GCC_64bit-Debug" />
         <Option type="4" />
         <MakeCommands>
            <Build command="/usr/bin/make -f &quot;/home/hao/Desktop/accer/build-accer-Desktop_Qt_5_7_0_GCC_64bit-Debug/Makefile&quot;  VERBOSE=1 edit_cache" />
            <CompileFile command="/usr/bin/make -f &quot;/home/hao/Desktop/accer/build-accer-Desktop_Qt_5_7_0_GCC_64bit-Debug/Makefile&quot;  VERBOSE=1 &quot;$file&quot;" />
            <Clean command="/usr/bin/make -f &quot;/home/hao/Desktop/accer/build-accer-Desktop_Qt_5_7_0_GCC_64bit-Debug/Makefile&quot;  VERBOSE=1 clean" />
            <DistClean command="/usr/bin/make -f &quot;/home/hao/Desktop/accer/build-accer-Desktop_Qt_5_7_0_GCC_64bit-Debug/Makefile&quot;  VERBOSE=1 clean" />
         </MakeCommands>
      </Target>
      <Target title="rebuild_cache">
         <Option working_dir="/home/hao/Desktop/accer/build-accer-Desktop_Qt_5_7_0_GCC_64bit-Debug" />
         <Option type="4" />
         <MakeCommands>
            <Build command="/usr/bin/make -f &quot;/home/hao/Desktop/accer/build-accer-Desktop_Qt_5_7_0_GCC_64bit-Debug/Makefile&quot;  VERBOSE=1 rebuild_cache" />
            <CompileFile command="/usr/bin/make -f &quot;/home/hao/Desktop/accer/build-accer-Desktop_Qt_5_7_0_GCC_64bit-Debug/Makefile&quot;  VERBOSE=1 &quot;$file&quot;" />
            <Clean command="/usr/bin/make -f &quot;/home/hao/Desktop/accer/build-accer-Desktop_Qt_5_7_0_GCC_64bit-Debug/Makefile&quot;  VERBOSE=1 clean" />
            <DistClean command="/usr/bin/make -f &quot;/home/hao/Desktop/accer/build-accer-Desktop_Qt_5_7_0_GCC_64bit-Debug/Makefile&quot;  VERBOSE=1 clean" />
         </MakeCommands>
      </Target>
      <Target title="accer">
         <Option output="/home/hao/Desktop/accer/build-accer-Desktop_Qt_5_7_0_GCC_64bit-Debug/accer" prefix_auto="0" extension_auto="0" />
         <Option working_dir="/home/hao/Desktop/accer/build-accer-Desktop_Qt_5_7_0_GCC_64bit-Debug" />
         <Option object_output="./" />
         <Option type="1" />
         <Option compiler="gcc" />
         <Compiler>
            <Add directory="/usr/include" />
            <Add directory="/usr/include/c++/4.8" />
            <Add directory="/usr/include/c++/4.8/backward" />
            <Add directory="/usr/include/eigen3" />
            <Add directory="/usr/include/x86_64-linux-gnu" />
            <Add directory="/usr/include/x86_64-linux-gnu/c++/4.8" />
            <Add directory="/usr/lib/gcc/x86_64-linux-gnu/4.8/include" />
            <Add directory="/usr/lib/gcc/x86_64-linux-gnu/4.8/include-fixed" />
            <Add directory="/usr/local/include" />
         </Compiler>
         <MakeCommands>
            <Build command="/usr/bin/make -f &quot;/home/hao/Desktop/accer/build-accer-Desktop_Qt_5_7_0_GCC_64bit-Debug/Makefile&quot;  VERBOSE=1 accer" />
            <CompileFile command="/usr/bin/make -f &quot;/home/hao/Desktop/accer/build-accer-Desktop_Qt_5_7_0_GCC_64bit-Debug/Makefile&quot;  VERBOSE=1 &quot;$file&quot;" />
            <Clean command="/usr/bin/make -f &quot;/home/hao/Desktop/accer/build-accer-Desktop_Qt_5_7_0_GCC_64bit-Debug/Makefile&quot;  VERBOSE=1 clean" />
            <DistClean command="/usr/bin/make -f &quot;/home/hao/Desktop/accer/build-accer-Desktop_Qt_5_7_0_GCC_64bit-Debug/Makefile&quot;  VERBOSE=1 clean" />
         </MakeCommands>
      </Target>
      <Target title="accer/fast">
         <Option output="/home/hao/Desktop/accer/build-accer-Desktop_Qt_5_7_0_GCC_64bit-Debug/accer" prefix_auto="0" extension_auto="0" />
         <Option working_dir="/home/hao/Desktop/accer/build-accer-Desktop_Qt_5_7_0_GCC_64bit-Debug" />
         <Option object_output="./" />
         <Option type="1" />
         <Option compiler="gcc" />
         <Compiler>
            <Add directory="/usr/include" />
            <Add directory="/usr/include/c++/4.8" />
            <Add directory="/usr/include/c++/4.8/backward" />
            <Add directory="/usr/include/eigen3" />
            <Add directory="/usr/include/x86_64-linux-gnu" />
            <Add directory="/usr/include/x86_64-linux-gnu/c++/4.8" />
            <Add directory="/usr/lib/gcc/x86_64-linux-gnu/4.8/include" />
            <Add directory="/usr/lib/gcc/x86_64-linux-gnu/4.8/include-fixed" />
            <Add directory="/usr/local/include" />
         </Compiler>
         <MakeCommands>
            <Build command="/usr/bin/make -f &quot;/home/hao/Desktop/accer/build-accer-Desktop_Qt_5_7_0_GCC_64bit-Debug/Makefile&quot;  VERBOSE=1 accer/fast" />
            <CompileFile command="/usr/bin/make -f &quot;/home/hao/Desktop/accer/build-accer-Desktop_Qt_5_7_0_GCC_64bit-Debug/Makefile&quot;  VERBOSE=1 &quot;$file&quot;" />
            <Clean command="/usr/bin/make -f &quot;/home/hao/Desktop/accer/build-accer-Desktop_Qt_5_7_0_GCC_64bit-Debug/Makefile&quot;  VERBOSE=1 clean" />
            <DistClean command="/usr/bin/make -f &quot;/home/hao/Desktop/accer/build-accer-Desktop_Qt_5_7_0_GCC_64bit-Debug/Makefile&quot;  VERBOSE=1 clean" />
         </MakeCommands>
      </Target>
      </Build>
      <Unit filename="/home/hao/Desktop/accer/accer/main.cpp">
      </Unit>
      <Unit filename="/home/hao/Desktop/accer/accer/CMakeLists.txt">
          <Option virtualFolder="CMake Files\" />
      </Unit>
      <Unit filename="/home/hao/Desktop/accer/accer/../../../../../usr/local/lib/cmake/Ceres/CeresConfigVersion.cmake">
          <Option virtualFolder="CMake Files\..\..\..\..\..\usr\local\lib\cmake\Ceres\" />
      </Unit>
      <Unit filename="/home/hao/Desktop/accer/accer/../../../../../usr/local/lib/cmake/Ceres/CeresConfig.cmake">
          <Option virtualFolder="CMake Files\..\..\..\..\..\usr\local\lib\cmake\Ceres\" />
      </Unit>
      <Unit filename="/home/hao/Desktop/accer/accer/../../../../../usr/local/lib/cmake/Ceres/FindEigen.cmake">
          <Option virtualFolder="CMake Files\..\..\..\..\..\usr\local\lib\cmake\Ceres\" />
      </Unit>
      <Unit filename="/home/hao/Desktop/accer/accer/../../../../../usr/local/lib/cmake/Ceres/FindGlog.cmake">
          <Option virtualFolder="CMake Files\..\..\..\..\..\usr\local\lib\cmake\Ceres\" />
      </Unit>
      <Unit filename="/home/hao/Desktop/accer/accer/../../../../../usr/local/lib/cmake/Ceres/CeresTargets.cmake">
          <Option virtualFolder="CMake Files\..\..\..\..\..\usr\local\lib\cmake\Ceres\" />
      </Unit>
      <Unit filename="/home/hao/Desktop/accer/accer/../../../../../usr/local/lib/cmake/Ceres/CeresTargets-release.cmake">
          <Option virtualFolder="CMake Files\..\..\..\..\..\usr\local\lib\cmake\Ceres\" />
      </Unit>
   </Project>
</CodeBlocks_project_file>
